# This file is autogenerated, do not edit; changes may be undone by the next 'dep ensure'.


[[projects]]
  branch = "master"
  name = "github.com/icza/mighty"
  packages = ["."]
  revision = "6304d21ca6455c798ab31653f668c1f5577128de"

[solve-meta]
  analyzer-name = "dep"
  analyzer-version = 1
  inputs-digest = "3f6c4f1b4038e88f3a9dce383a6fe1909ccca4918d8e62e3c165841c5ba3f60a"
  solver-name = "gps-cdcl"
  solver-version = 1
